// !$*UTF8*$!
{
	archiveVersion = 1;
	classes = {
	};
	objectVersion = 46;
	objects = {

/* Begin PBXBuildFile section */
		8B18CDB31C11F0F200F3DEF3 /* AppDelegate.swift in Sources */ = {isa = PBXBuildFile; fileRef = 8B18CDB21C11F0F200F3DEF3 /* AppDelegate.swift */; };
		8B18CDBA1C11F0F200F3DEF3 /* Assets.xcassets in Resources */ = {isa = PBXBuildFile; fileRef = 8B18CDB91C11F0F200F3DEF3 /* Assets.xcassets */; };
		8B18CDBD1C11F0F200F3DEF3 /* LaunchScreen.storyboard in Resources */ = {isa = PBXBuildFile; fileRef = 8B18CDBB1C11F0F200F3DEF3 /* LaunchScreen.storyboard */; };
		8B77AA631C19382B006BB217 /* SCSDrawerViewController.swift in Sources */ = {isa = PBXBuildFile; fileRef = 8B77AA621C19382B006BB217 /* SCSDrawerViewController.swift */; };
		8BC65B8F1C12D8BE00CBF121 /* SCSColorsViewController.swift in Sources */ = {isa = PBXBuildFile; fileRef = 8BC65B8E1C12D8BE00CBF121 /* SCSColorsViewController.swift */; };
		8BC65B911C12DA2600CBF121 /* SCSPlainColorViewController.swift in Sources */ = {isa = PBXBuildFile; fileRef = 8BC65B901C12DA2600CBF121 /* SCSPlainColorViewController.swift */; };
		8BC65B931C132CF900CBF121 /* SCSTestViewController.swift in Sources */ = {isa = PBXBuildFile; fileRef = 8BC65B921C132CF900CBF121 /* SCSTestViewController.swift */; };
		8BE5ADDC1C154AA000C63DD6 /* NavViewController.swift in Sources */ = {isa = PBXBuildFile; fileRef = 8BE5ADDB1C154AA000C63DD6 /* NavViewController.swift */; };
/* End PBXBuildFile section */

/* Begin PBXFileReference section */
		8B18CDAF1C11F0F200F3DEF3 /* 侧滑.app */ = {isa = PBXFileReference; explicitFileType = wrapper.application; includeInIndex = 0; path = "侧滑.app"; sourceTree = BUILT_PRODUCTS_DIR; };
		8B18CDB21C11F0F200F3DEF3 /* AppDelegate.swift */ = {isa = PBXFileReference; lastKnownFileType = sourcecode.swift; path = AppDelegate.swift; sourceTree = "<group>"; };
		8B18CDB91C11F0F200F3DEF3 /* Assets.xcassets */ = {isa = PBXFileReference; lastKnownFileType = folder.assetcatalog; path = Assets.xcassets; sourceTree = "<group>"; };
		8B18CDBC1C11F0F200F3DEF3 /* Base */ = {isa = PBXFileReference; lastKnownFileType = file.storyboard; name = Base; path = Base.lproj/LaunchScreen.storyboard; sourceTree = "<group>"; };
		8B18CDBE1C11F0F200F3DEF3 /* Info.plist */ = {isa = PBXFileReference; lastKnownFileType = text.plist.xml; path = Info.plist; sourceTree = "<group>"; };
		8B77AA621C19382B006BB217 /* SCSDrawerViewController.swift */ = {isa = PBXFileReference; fileEncoding = 4; lastKnownFileType = sourcecode.swift; path = SCSDrawerViewController.swift; sourceTree = "<group>"; };
		8BC65B8E1C12D8BE00CBF121 /* SCSColorsViewController.swift */ = {isa = PBXFileReference; fileEncoding = 4; lastKnownFileType = sourcecode.swift; path = SCSColorsViewController.swift; sourceTree = "<group>"; };
		8BC65B901C12DA2600CBF121 /* SCSPlainColorViewController.swift */ = {isa = PBXFileReference; fileEncoding = 4; lastKnownFileType = sourcecode.swift; path = SCSPlainColorViewController.swift; sourceTree = "<group>"; };
		8BC65B921C132CF900CBF121 /* SCSTestViewController.swift */ = {isa = PBXFileReference; fileEncoding = 4; lastKnownFileType = sourcecode.swift; path = SCSTestViewController.swift; sourceTree = "<group>"; };
		8BE5ADDB1C154AA000C63DD6 /* NavViewController.swift */ = {isa = PBXFileReference; fileEncoding = 4; lastKnownFileType = sourcecode.swift; path = NavViewController.swift; sourceTree = "<group>"; };
/* End PBXFileReference section */

/* Begin PBXFrameworksBuildPhase section */
		8B18CDAC1C11F0F200F3DEF3 /* Frameworks */ = {
			isa = PBXFrameworksBuildPhase;
			buildActionMask = 2147483647;
			files = (
			);
			runOnlyForDeploymentPostprocessing = 0;
		};
/* End PBXFrameworksBuildPhase section */

/* Begin PBXGroup section */
		8B18CDA61C11F0F200F3DEF3 = {
			isa = PBXGroup;
			children = (
				8B18CDB11C11F0F200F3DEF3 /* 侧滑 */,
				8B18CDB01C11F0F200F3DEF3 /* Products */,
			);
			sourceTree = "<group>";
		};
		8B18CDB01C11F0F200F3DEF3 /* Products */ = {
			isa = PBXGroup;
			children = (
				8B18CDAF1C11F0F200F3DEF3 /* 侧滑.app */,
			);
			name = Products;
			sourceTree = "<group>";
		};
		8B18CDB11C11F0F200F3DEF3 /* 侧滑 */ = {
			isa = PBXGroup;
			children = (
				8B18CDB21C11F0F200F3DEF3 /* AppDelegate.swift */,
				8BC65B921C132CF900CBF121 /* SCSTestViewController.swift */,
				8BC65B8E1C12D8BE00CBF121 /* SCSColorsViewController.swift */,
				8B77AA621C19382B006BB217 /* SCSDrawerViewController.swift */,
				8BC65B901C12DA2600CBF121 /* SCSPlainColorViewController.swift */,
				8BE5ADDB1C154AA000C63DD6 /* NavViewController.swift */,
				8B18CDB91C11F0F200F3DEF3 /* Assets.xcassets */,
				8B18CDBB1C11F0F200F3DEF3 /* LaunchScreen.storyboard */,
				8B18CDBE1C11F0F200F3DEF3 /* Info.plist */,
			);
			path = "侧滑";
			sourceTree = "<group>";
		};
/* End PBXGroup section */

/* Begin PBXNativeTarget section */
		8B18CDAE1C11F0F200F3DEF3 /* 侧滑 */ = {
			isa = PBXNativeTarget;
			buildConfigurationList = 8B18CDC11C11F0F200F3DEF3 /* Build configuration list for PBXNativeTarget "侧滑" */;
			buildPhases = (
				8B18CDAB1C11F0F200F3DEF3 /* Sources */,
				8B18CDAC1C11F0F200F3DEF3 /* Frameworks */,
				8B18CDAD1C11F0F200F3DEF3 /* Resources */,
			);
			buildRules = (
			);
			dependencies = (
			);
			name = "侧滑";
			productName = "侧滑";
			productReference = 8B18CDAF1C11F0F200F3DEF3 /* 侧滑.app */;
			productType = "com.apple.product-type.application";
		};
/* End PBXNativeTarget section */

/* Begin PBXProject section */
		8B18CDA71C11F0F200F3DEF3 /* Project object */ = {
			isa = PBXProject;
			attributes = {
				LastSwiftUpdateCheck = 0710;
				LastUpgradeCheck = 0710;
				ORGANIZATIONNAME = VSEE;
				TargetAttributes = {
					8B18CDAE1C11F0F200F3DEF3 = {
						CreatedOnToolsVersion = 7.1.1;
					};
				};
			};
			buildConfigurationList = 8B18CDAA1C11F0F200F3DEF3 /* Build configuration list for PBXProject "侧滑" */;
			compatibilityVersion = "Xcode 3.2";
			developmentRegion = English;
			hasScannedForEncodings = 0;
			knownRegions = (
				en,
				Base,
			);
			mainGroup = 8B18CDA61C11F0F200F3DEF3;
			productRefGroup = 8B18CDB01C11F0F200F3DEF3 /* Products */;
			projectDirPath = "";
			projectRoot = "";
			targets = (
				8B18CDAE1C11F0F200F3DEF3 /* 侧滑 */,
			);
		};
/* End PBXProject section */

/* Begin PBXResourcesBuildPhase section */
		8B18CDAD1C11F0F200F3DEF3 /* Resources */ = {
			isa = PBXResourcesBuildPhase;
			buildActionMask = 2147483647;
			files = (
				8B18CDBD1C11F0F200F3DEF3 /* LaunchScreen.storyboard in Resources */,
				8B18CDBA1C11F0F200F3DEF3 /* Assets.xcassets in Resources */,
			);
			runOnlyForDeploymentPostprocessing = 0;
		};
/* End PBXResourcesBuildPhase section */

/* Begin PBXSourcesBuildPhase section */
		8B18CDAB1C11F0F200F3DEF3 /* Sources */ = {
			isa = PBXSourcesBuildPhase;
			buildActionMask = 2147483647;
			files = (
				8BC65B911C12DA2600CBF121 /* SCSPlainColorViewController.swift in Sources */,
				8B77AA631C19382B006BB217 /* SCSDrawerViewController.swift in Sources */,
				8BC65B8F1C12D8BE00CBF121 /* SCSColorsViewController.swift in Sources */,
				8BE5ADDC1C154AA000C63DD6 /* NavViewController.swift in Sources */,
				8B18CDB31C11F0F200F3DEF3 /* AppDelegate.swift in Sources */,
				8BC65B931C132CF900CBF121 /* SCSTestViewController.swift in Sources */,
			);
			runOnlyForDeploymentPostprocessing = 0;
		};
/* End PBXSourcesBuildPhase section */

/* Begin PBXVariantGroup section */
		8B18CDBB1C11F0F200F3DEF3 /* LaunchScreen.storyboard */ = {
			isa = PBXVariantGroup;
			children = (
				8B18CDBC1C11F0F200F3DEF3 /* Base */,
			);
			name = LaunchScreen.storyboard;
			sourceTree = "<group>";
		};
/* End PBXVariantGroup section */

/* Begin XCBuildConfiguration section */
		8B18CDBF1C11F0F200F3DEF3 /* Debug */ = {
			isa = XCBuildConfiguration;
			buildSettings = {
				ALWAYS_SEARCH_USER_PATHS = NO;
				CLANG_CXX_LANGUAGE_STANDARD = "gnu++0x";
				CLANG_CXX_LIBRARY = "libc++";
				CLANG_ENABLE_MODULES = YES;
				CLANG_ENABLE_OBJC_ARC = YES;
				CLANG_WARN_BOOL_CONVERSION = YES;
				CLANG_WARN_CONSTANT_CONVERSION = YES;
				CLANG_WARN_DIRECT_OBJC_ISA_USAGE = YES_ERROR;
				CLANG_WARN_EMPTY_BODY = YES;
				CLANG_WARN_ENUM_CONVERSION = YES;
				CLANG_WARN_INT_CONVERSION = YES;
				CLANG_WARN_OBJC_ROOT_CLASS = YES_ERROR;
				CLANG_WARN_UNREACHABLE_CODE = YES;
				CLANG_WARN__DUPLICATE_METHOD_MATCH = YES;
				"CODE_SIGN_IDENTITY[sdk=iphoneos*]" = "iPhone Developer";
				COPY_PHASE_STRIP = NO;
				DEBUG_INFORMATION_FORMAT = dwarf;
				ENABLE_STRICT_OBJC_MSGSEND = YES;
				ENABLE_TESTABILITY = YES;
				GCC_C_LANGUAGE_STANDARD = gnu99;
				GCC_DYNAMIC_NO_PIC = NO;
				GCC_NO_COMMON_BLOCKS = YES;
				GCC_OPTIMIZATION_LEVEL = 0;
				GCC_PREPROCESSOR_DEFINITIONS = (
					"DEBUG=1",
					"$(inherited)",
				);
				GCC_WARN_64_TO_32_BIT_CONVERSION = YES;
				GCC_WARN_ABOUT_RETURN_TYPE = YES_ERROR;
				GCC_WARN_UNDECLARED_SELECTOR = YES;
				GCC_WARN_UNINITIALIZED_AUTOS = YES_AGGRESSIVE;
				GCC_WARN_UNUSED_FUNCTION = YES;
				GCC_WARN_UNUSED_VARIABLE = YES;
				IPHONEOS_DEPLOYMENT_TARGET = 9.1;
				MTL_ENABLE_DEBUG_INFO = YES;
				ONLY_ACTIVE_ARCH = YES;
				SDKROOT = iphoneos;
				SWIFT_OPTIMIZATION_LEVEL = "-Onone";
			};
			name = Debug;
		};
		8B18CDC01C11F0F200F3DEF3 /* Release */ = {
			isa = XCBuildConfiguration;
			buildSettings = {
				ALWAYS_SEARCH_USER_PATHS = NO;
				CLANG_CXX_LANGUAGE_STANDARD = "gnu++0x";
				CLANG_CXX_LIBRARY = "libc++";
				CLANG_ENABLE_MODULES = YES;
				CLANG_ENABLE_OBJC_ARC = YES;
				CLANG_WARN_BOOL_CONVERSION = YES;
				CLANG_WARN_CONSTANT_CONVERSION = YES;
				CLANG_WARN_DIRECT_OBJC_ISA_USAGE = YES_ERROR;
				CLANG_WARN_EMPTY_BODY = YES;
				CLANG_WARN_ENUM_CONVERSION = YES;
				CLANG_WARN_INT_CONVERSION = YES;
				CLANG_WARN_OBJC_ROOT_CLASS = YES_ERROR;
				CLANG_WARN_UNREACHABLE_CODE = YES;
				CLANG_WARN__DUPLICATE_METHOD_MATCH = YES;
				"CODE_SIGN_IDENTITY[sdk=iphoneos*]" = "iPhone Developer";
				COPY_PHASE_STRIP = NO;
				DEBUG_INFORMATION_FORMAT = "dwarf-with-dsym";
				ENABLE_NS_ASSERTIONS = NO;
				ENABLE_STRICT_OBJC_MSGSEND = YES;
				GCC_C_LANGUAGE_STANDARD = gnu99;
				GCC_NO_COMMON_BLOCKS = YES;
				GCC_WARN_64_TO_32_BIT_CONVERSION = YES;
				GCC_WARN_ABOUT_RETURN_TYPE = YES_ERROR;
				GCC_WARN_UNDECLARED_SELECTOR = YES;
				GCC_WARN_UNINITIALIZED_AUTOS = YES_AGGRESSIVE;
				GCC_WARN_UNUSED_FUNCTION = YES;
				GCC_WARN_UNUSED_VARIABLE = YES;
				IPHONEOS_DEPLOYMENT_TARGET = 9.1;
				MTL_ENABLE_DEBUG_INFO = NO;
				SDKROOT = iphoneos;
				VALIDATE_PRODUCT = YES;
			};
			name = Release;
		};
		8B18CDC21C11F0F200F3DEF3 /* Debug */ = {
			isa = XCBuildConfiguration;
			buildSettings = {
				ASSETCATALOG_COMPILER_APPICON_NAME = AppIcon;
				INFOPLIST_FILE = "侧滑/Info.plist";
				LD_RUNPATH_SEARCH_PATHS = "$(inherited) @executable_path/Frameworks";
				PRODUCT_BUNDLE_IDENTIFIER = "SmallCobblerStudio.--";
				PRODUCT_NAME = "$(TARGET_NAME)";
			};
			name = Debug;
		};
		8B18CDC31C11F0F200F3DEF3 /* Release */ = {
			isa = XCBuildConfiguration;
			buildSettings = {
				ASSETCATALOG_COMPILER_APPICON_NAME = AppIcon;
				INFOPLIST_FILE = "侧滑/Info.plist";
				LD_RUNPATH_SEARCH_PATHS = "$(inherited) @executable_path/Frameworks";
				PRODUCT_BUNDLE_IDENTIFIER = "SmallCobblerStudio.--";
				PRODUCT_NAME = "$(TARGET_NAME)";
			};
			name = Release;
		};
/* End XCBuildConfiguration section */

/* Begin XCConfigurationList section */
		8B18CDAA1C11F0F200F3DEF3 /* Build configuration list for PBXProject "侧滑" */ = {
			isa = XCConfigurationList;
			buildConfigurations = (
				8B18CDBF1C11F0F200F3DEF3 /* Debug */,
				8B18CDC01C11F0F200F3DEF3 /* Release */,
			);
			defaultConfigurationIsVisible = 0;
			defaultConfigurationName = Release;
		};
		8B18CDC11C11F0F200F3DEF3 /* Build configuration list for PBXNativeTarget "侧滑" */ = {
			isa = XCConfigurationList;
			buildConfigurations = (
				8B18CDC21C11F0F200F3DEF3 /* Debug */,
				8B18CDC31C11F0F200F3DEF3 /* Release */,
			);
			defaultConfigurationIsVisible = 0;
			defaultConfigurationName = Release;
		};
/* End XCConfigurationList section */
	};
	rootObject = 8B18CDA71C11F0F200F3DEF3 /* Project object */;
}
